
Microsoft Visual Studio Solution File, Format Version 12.00
# Visual Studio Version 17
VisualStudioVersion = 17.0.31903.59
MinimumVisualStudioVersion = 10.0.40219.1
Project("{2150E333-8FDC-42A3-9474-1A3956D46DE8}") = "src", "src", "{0617DE41-B4ED-4C5A-BF1F-E341A7A8C8A5}"
EndProject
Project("{FAE04EC0-301F-11D3-BF4B-00C04F79EFBC}") = "Tenantify", "src\Tenantify\Tenantify.csproj", "{48A09802-9218-469E-A74B-28C2C19A12BA}"
EndProject
Project("{FAE04EC0-301F-11D3-BF4B-00C04F79EFBC}") = "Tenantify.AspNetCore", "src\Tenantify.AspNetCore\Tenantify.AspNetCore.csproj", "{62081834-7124-4826-869A-89D3201EC300}"
EndProject
Global
	GlobalSection(SolutionConfigurationPlatforms) = preSolution
		Debug|Any CPU = Debug|Any CPU
		Release|Any CPU = Release|Any CPU
	EndGlobalSection
	GlobalSection(SolutionProperties) = preSolution
		HideSolutionNode = FALSE
	EndGlobalSection
	GlobalSection(NestedProjects) = preSolution
		{48A09802-9218-469E-A74B-28C2C19A12BA} = {0617DE41-B4ED-4C5A-BF1F-E341A7A8C8A5}
		{62081834-7124-4826-869A-89D3201EC300} = {0617DE41-B4ED-4C5A-BF1F-E341A7A8C8A5}
	EndGlobalSection
	GlobalSection(ProjectConfigurationPlatforms) = postSolution
		{48A09802-9218-469E-A74B-28C2C19A12BA}.Debug|Any CPU.ActiveCfg = Debug|Any CPU
		{48A09802-9218-469E-A74B-28C2C19A12BA}.Debug|Any CPU.Build.0 = Debug|Any CPU
		{48A09802-9218-469E-A74B-28C2C19A12BA}.Release|Any CPU.ActiveCfg = Release|Any CPU
		{48A09802-9218-469E-A74B-28C2C19A12BA}.Release|Any CPU.Build.0 = Release|Any CPU
		{62081834-7124-4826-869A-89D3201EC300}.Debug|Any CPU.ActiveCfg = Debug|Any CPU
		{62081834-7124-4826-869A-89D3201EC300}.Debug|Any CPU.Build.0 = Debug|Any CPU
		{62081834-7124-4826-869A-89D3201EC300}.Release|Any CPU.ActiveCfg = Release|Any CPU
		{62081834-7124-4826-869A-89D3201EC300}.Release|Any CPU.Build.0 = Release|Any CPU
	EndGlobalSection
EndGlobal
